// !$*UTF8*$!
{
	archiveVersion = 1;
	classes = {
	};
	objectVersion = 50;
	objects = {

/* Begin PBXBuildFile section */
		B7A3A55D234A2C4B00238DDA /* AppDelegate.swift in Sources */ = {isa = PBXBuildFile; fileRef = B7A3A55C234A2C4B00238DDA /* AppDelegate.swift */; };
		B7A3A55F234A2C4B00238DDA /* ViewController.swift in Sources */ = {isa = PBXBuildFile; fileRef = B7A3A55E234A2C4B00238DDA /* ViewController.swift */; };
		B7A3A562234A2C4B00238DDA /* Main.storyboard in Resources */ = {isa = PBXBuildFile; fileRef = B7A3A560234A2C4B00238DDA /* Main.storyboard */; };
		B7A3A564234A2C5300238DDA /* Assets.xcassets in Resources */ = {isa = PBXBuildFile; fileRef = B7A3A563234A2C5300238DDA /* Assets.xcassets */; };
		B7A3A567234A2C5300238DDA /* LaunchScreen.storyboard in Resources */ = {isa = PBXBuildFile; fileRef = B7A3A565234A2C5300238DDA /* LaunchScreen.storyboard */; };
		B7A3A572234A2C5300238DDA /* RegistroUsuariosTests.swift in Sources */ = {isa = PBXBuildFile; fileRef = B7A3A571234A2C5300238DDA /* RegistroUsuariosTests.swift */; };
		B7A3A57D234A2C5300238DDA /* RegistroUsuariosUITests.swift in Sources */ = {isa = PBXBuildFile; fileRef = B7A3A57C234A2C5300238DDA /* RegistroUsuariosUITests.swift */; };
		B7A3A58B234A2F0C00238DDA /* icnusuario.png in Resources */ = {isa = PBXBuildFile; fileRef = B7A3A58A234A2F0C00238DDA /* icnusuario.png */; };
		B7A3A58F234A2FF000238DDA /* Usuario_BE.swift in Sources */ = {isa = PBXBuildFile; fileRef = B7A3A58E234A2FF000238DDA /* Usuario_BE.swift */; };
		B7A3A591234A320D00238DDA /* TVCUsuario.swift in Sources */ = {isa = PBXBuildFile; fileRef = B7A3A590234A320D00238DDA /* TVCUsuario.swift */; };
/* End PBXBuildFile section */

/* Begin PBXContainerItemProxy section */
		B7A3A56E234A2C5300238DDA /* PBXContainerItemProxy */ = {
			isa = PBXContainerItemProxy;
			containerPortal = B7A3A551234A2C4B00238DDA /* Project object */;
			proxyType = 1;
			remoteGlobalIDString = B7A3A558234A2C4B00238DDA;
			remoteInfo = RegistroUsuarios;
		};
		B7A3A579234A2C5300238DDA /* PBXContainerItemProxy */ = {
			isa = PBXContainerItemProxy;
			containerPortal = B7A3A551234A2C4B00238DDA /* Project object */;
			proxyType = 1;
			remoteGlobalIDString = B7A3A558234A2C4B00238DDA;
			remoteInfo = RegistroUsuarios;
		};
/* End PBXContainerItemProxy section */

/* Begin PBXFileReference section */
		B7A3A559234A2C4B00238DDA /* RegistroUsuarios.app */ = {isa = PBXFileReference; explicitFileType = wrapper.application; includeInIndex = 0; path = RegistroUsuarios.app; sourceTree = BUILT_PRODUCTS_DIR; };
		B7A3A55C234A2C4B00238DDA /* AppDelegate.swift */ = {isa = PBXFileReference; lastKnownFileType = sourcecode.swift; path = AppDelegate.swift; sourceTree = "<group>"; };
		B7A3A55E234A2C4B00238DDA /* ViewController.swift */ = {isa = PBXFileReference; lastKnownFileType = sourcecode.swift; path = ViewController.swift; sourceTree = "<group>"; };
		B7A3A561234A2C4B00238DDA /* Base */ = {isa = PBXFileReference; lastKnownFileType = file.storyboard; name = Base; path = Base.lproj/Main.storyboard; sourceTree = "<group>"; };
		B7A3A563234A2C5300238DDA /* Assets.xcassets */ = {isa = PBXFileReference; lastKnownFileType = folder.assetcatalog; path = Assets.xcassets; sourceTree = "<group>"; };
		B7A3A566234A2C5300238DDA /* Base */ = {isa = PBXFileReference; lastKnownFileType = file.storyboard; name = Base; path = Base.lproj/LaunchScreen.storyboard; sourceTree = "<group>"; };
		B7A3A568234A2C5300238DDA /* Info.plist */ = {isa = PBXFileReference; lastKnownFileType = text.plist.xml; path = Info.plist; sourceTree = "<group>"; };
		B7A3A56D234A2C5300238DDA /* RegistroUsuariosTests.xctest */ = {isa = PBXFileReference; explicitFileType = wrapper.cfbundle; includeInIndex = 0; path = RegistroUsuariosTests.xctest; sourceTree = BUILT_PRODUCTS_DIR; };
		B7A3A571234A2C5300238DDA /* RegistroUsuariosTests.swift */ = {isa = PBXFileReference; lastKnownFileType = sourcecode.swift; path = RegistroUsuariosTests.swift; sourceTree = "<group>"; };
		B7A3A573234A2C5300238DDA /* Info.plist */ = {isa = PBXFileReference; lastKnownFileType = text.plist.xml; path = Info.plist; sourceTree = "<group>"; };
		B7A3A578234A2C5300238DDA /* RegistroUsuariosUITests.xctest */ = {isa = PBXFileReference; explicitFileType = wrapper.cfbundle; includeInIndex = 0; path = RegistroUsuariosUITests.xctest; sourceTree = BUILT_PRODUCTS_DIR; };
		B7A3A57C234A2C5300238DDA /* RegistroUsuariosUITests.swift */ = {isa = PBXFileReference; lastKnownFileType = sourcecode.swift; path = RegistroUsuariosUITests.swift; sourceTree = "<group>"; };
		B7A3A57E234A2C5300238DDA /* Info.plist */ = {isa = PBXFileReference; lastKnownFileType = text.plist.xml; path = Info.plist; sourceTree = "<group>"; };
		B7A3A58A234A2F0C00238DDA /* icnusuario.png */ = {isa = PBXFileReference; lastKnownFileType = image.png; name = icnusuario.png; path = Images/icnusuario.png; sourceTree = SOURCE_ROOT; };
		B7A3A58E234A2FF000238DDA /* Usuario_BE.swift */ = {isa = PBXFileReference; lastKnownFileType = sourcecode.swift; path = Usuario_BE.swift; sourceTree = "<group>"; };
		B7A3A590234A320D00238DDA /* TVCUsuario.swift */ = {isa = PBXFileReference; lastKnownFileType = sourcecode.swift; path = TVCUsuario.swift; sourceTree = "<group>"; };
/* End PBXFileReference section */

/* Begin PBXFrameworksBuildPhase section */
		B7A3A556234A2C4B00238DDA /* Frameworks */ = {
			isa = PBXFrameworksBuildPhase;
			buildActionMask = 2147483647;
			files = (
			);
			runOnlyForDeploymentPostprocessing = 0;
		};
		B7A3A56A234A2C5300238DDA /* Frameworks */ = {
			isa = PBXFrameworksBuildPhase;
			buildActionMask = 2147483647;
			files = (
			);
			runOnlyForDeploymentPostprocessing = 0;
		};
		B7A3A575234A2C5300238DDA /* Frameworks */ = {
			isa = PBXFrameworksBuildPhase;
			buildActionMask = 2147483647;
			files = (
			);
			runOnlyForDeploymentPostprocessing = 0;
		};
/* End PBXFrameworksBuildPhase section */

/* Begin PBXGroup section */
		B7A3A550234A2C4B00238DDA = {
			isa = PBXGroup;
			children = (
				B7A3A55B234A2C4B00238DDA /* RegistroUsuarios */,
				B7A3A570234A2C5300238DDA /* RegistroUsuariosTests */,
				B7A3A57B234A2C5300238DDA /* RegistroUsuariosUITests */,
				B7A3A55A234A2C4B00238DDA /* Products */,
			);
			sourceTree = "<group>";
		};
		B7A3A55A234A2C4B00238DDA /* Products */ = {
			isa = PBXGroup;
			children = (
				B7A3A559234A2C4B00238DDA /* RegistroUsuarios.app */,
				B7A3A56D234A2C5300238DDA /* RegistroUsuariosTests.xctest */,
				B7A3A578234A2C5300238DDA /* RegistroUsuariosUITests.xctest */,
			);
			name = Products;
			sourceTree = "<group>";
		};
		B7A3A55B234A2C4B00238DDA /* RegistroUsuarios */ = {
			isa = PBXGroup;
			children = (
				B7A3A58A234A2F0C00238DDA /* icnusuario.png */,
				B7A3A55C234A2C4B00238DDA /* AppDelegate.swift */,
				B7A3A55E234A2C4B00238DDA /* ViewController.swift */,
				B7A3A560234A2C4B00238DDA /* Main.storyboard */,
				B7A3A563234A2C5300238DDA /* Assets.xcassets */,
				B7A3A565234A2C5300238DDA /* LaunchScreen.storyboard */,
				B7A3A568234A2C5300238DDA /* Info.plist */,
				B7A3A58E234A2FF000238DDA /* Usuario_BE.swift */,
				B7A3A590234A320D00238DDA /* TVCUsuario.swift */,
			);
			path = RegistroUsuarios;
			sourceTree = "<group>";
		};
		B7A3A570234A2C5300238DDA /* RegistroUsuariosTests */ = {
			isa = PBXGroup;
			children = (
				B7A3A571234A2C5300238DDA /* RegistroUsuariosTests.swift */,
				B7A3A573234A2C5300238DDA /* Info.plist */,
			);
			path = RegistroUsuariosTests;
			sourceTree = "<group>";
		};
		B7A3A57B234A2C5300238DDA /* RegistroUsuariosUITests */ = {
			isa = PBXGroup;
			children = (
				B7A3A57C234A2C5300238DDA /* RegistroUsuariosUITests.swift */,
				B7A3A57E234A2C5300238DDA /* Info.plist */,
			);
			path = RegistroUsuariosUITests;
			sourceTree = "<group>";
		};
/* End PBXGroup section */

/* Begin PBXNativeTarget section */
		B7A3A558234A2C4B00238DDA /* RegistroUsuarios */ = {
			isa = PBXNativeTarget;
			buildConfigurationList = B7A3A581234A2C5300238DDA /* Build configuration list for PBXNativeTarget "RegistroUsuarios" */;
			buildPhases = (
				B7A3A555234A2C4B00238DDA /* Sources */,
				B7A3A556234A2C4B00238DDA /* Frameworks */,
				B7A3A557234A2C4B00238DDA /* Resources */,
			);
			buildRules = (
			);
			dependencies = (
			);
			name = RegistroUsuarios;
			productName = RegistroUsuarios;
			productReference = B7A3A559234A2C4B00238DDA /* RegistroUsuarios.app */;
			productType = "com.apple.product-type.application";
		};
		B7A3A56C234A2C5300238DDA /* RegistroUsuariosTests */ = {
			isa = PBXNativeTarget;
			buildConfigurationList = B7A3A584234A2C5300238DDA /* Build configuration list for PBXNativeTarget "RegistroUsuariosTests" */;
			buildPhases = (
				B7A3A569234A2C5300238DDA /* Sources */,
				B7A3A56A234A2C5300238DDA /* Frameworks */,
				B7A3A56B234A2C5300238DDA /* Resources */,
			);
			buildRules = (
			);
			dependencies = (
				B7A3A56F234A2C5300238DDA /* PBXTargetDependency */,
			);
			name = RegistroUsuariosTests;
			productName = RegistroUsuariosTests;
			productReference = B7A3A56D234A2C5300238DDA /* RegistroUsuariosTests.xctest */;
			productType = "com.apple.product-type.bundle.unit-test";
		};
		B7A3A577234A2C5300238DDA /* RegistroUsuariosUITests */ = {
			isa = PBXNativeTarget;
			buildConfigurationList = B7A3A587234A2C5300238DDA /* Build configuration list for PBXNativeTarget "RegistroUsuariosUITests" */;
			buildPhases = (
				B7A3A574234A2C5300238DDA /* Sources */,
				B7A3A575234A2C5300238DDA /* Frameworks */,
				B7A3A576234A2C5300238DDA /* Resources */,
			);
			buildRules = (
			);
			dependencies = (
				B7A3A57A234A2C5300238DDA /* PBXTargetDependency */,
			);
			name = RegistroUsuariosUITests;
			productName = RegistroUsuariosUITests;
			productReference = B7A3A578234A2C5300238DDA /* RegistroUsuariosUITests.xctest */;
			productType = "com.apple.product-type.bundle.ui-testing";
		};
/* End PBXNativeTarget section */

/* Begin PBXProject section */
		B7A3A551234A2C4B00238DDA /* Project object */ = {
			isa = PBXProject;
			attributes = {
				LastSwiftUpdateCheck = 1030;
				LastUpgradeCheck = 1030;
				ORGANIZATIONNAME = JSTech;
				TargetAttributes = {
					B7A3A558234A2C4B00238DDA = {
						CreatedOnToolsVersion = 10.3;
					};
					B7A3A56C234A2C5300238DDA = {
						CreatedOnToolsVersion = 10.3;
						TestTargetID = B7A3A558234A2C4B00238DDA;
					};
					B7A3A577234A2C5300238DDA = {
						CreatedOnToolsVersion = 10.3;
						TestTargetID = B7A3A558234A2C4B00238DDA;
					};
				};
			};
			buildConfigurationList = B7A3A554234A2C4B00238DDA /* Build configuration list for PBXProject "RegistroUsuarios" */;
			compatibilityVersion = "Xcode 9.3";
			developmentRegion = en;
			hasScannedForEncodings = 0;
			knownRegions = (
				en,
				Base,
			);
			mainGroup = B7A3A550234A2C4B00238DDA;
			productRefGroup = B7A3A55A234A2C4B00238DDA /* Products */;
			projectDirPath = "";
			projectRoot = "";
			targets = (
				B7A3A558234A2C4B00238DDA /* RegistroUsuarios */,
				B7A3A56C234A2C5300238DDA /* RegistroUsuariosTests */,
				B7A3A577234A2C5300238DDA /* RegistroUsuariosUITests */,
			);
		};
/* End PBXProject section */

/* Begin PBXResourcesBuildPhase section */
		B7A3A557234A2C4B00238DDA /* Resources */ = {
			isa = PBXResourcesBuildPhase;
			buildActionMask = 2147483647;
			files = (
				B7A3A567234A2C5300238DDA /* LaunchScreen.storyboard in Resources */,
				B7A3A564234A2C5300238DDA /* Assets.xcassets in Resources */,
				B7A3A562234A2C4B00238DDA /* Main.storyboard in Resources */,
				B7A3A58B234A2F0C00238DDA /* icnusuario.png in Resources */,
			);
			runOnlyForDeploymentPostprocessing = 0;
		};
		B7A3A56B234A2C5300238DDA /* Resources */ = {
			isa = PBXResourcesBuildPhase;
			buildActionMask = 2147483647;
			files = (
			);
			runOnlyForDeploymentPostprocessing = 0;
		};
		B7A3A576234A2C5300238DDA /* Resources */ = {
			isa = PBXResourcesBuildPhase;
			buildActionMask = 2147483647;
			files = (
			);
			runOnlyForDeploymentPostprocessing = 0;
		};
/* End PBXResourcesBuildPhase section */

/* Begin PBXSourcesBuildPhase section */
		B7A3A555234A2C4B00238DDA /* Sources */ = {
			isa = PBXSourcesBuildPhase;
			buildActionMask = 2147483647;
			files = (
				B7A3A591234A320D00238DDA /* TVCUsuario.swift in Sources */,
				B7A3A58F234A2FF000238DDA /* Usuario_BE.swift in Sources */,
				B7A3A55F234A2C4B00238DDA /* ViewController.swift in Sources */,
				B7A3A55D234A2C4B00238DDA /* AppDelegate.swift in Sources */,
			);
			runOnlyForDeploymentPostprocessing = 0;
		};
		B7A3A569234A2C5300238DDA /* Sources */ = {
			isa = PBXSourcesBuildPhase;
			buildActionMask = 2147483647;
			files = (
				B7A3A572234A2C5300238DDA /* RegistroUsuariosTests.swift in Sources */,
			);
			runOnlyForDeploymentPostprocessing = 0;
		};
		B7A3A574234A2C5300238DDA /* Sources */ = {
			isa = PBXSourcesBuildPhase;
			buildActionMask = 2147483647;
			files = (
				B7A3A57D234A2C5300238DDA /* RegistroUsuariosUITests.swift in Sources */,
			);
			runOnlyForDeploymentPostprocessing = 0;
		};
/* End PBXSourcesBuildPhase section */

/* Begin PBXTargetDependency section */
		B7A3A56F234A2C5300238DDA /* PBXTargetDependency */ = {
			isa = PBXTargetDependency;
			target = B7A3A558234A2C4B00238DDA /* RegistroUsuarios */;
			targetProxy = B7A3A56E234A2C5300238DDA /* PBXContainerItemProxy */;
		};
		B7A3A57A234A2C5300238DDA /* PBXTargetDependency */ = {
			isa = PBXTargetDependency;
			target = B7A3A558234A2C4B00238DDA /* RegistroUsuarios */;
			targetProxy = B7A3A579234A2C5300238DDA /* PBXContainerItemProxy */;
		};
/* End PBXTargetDependency section */

/* Begin PBXVariantGroup section */
		B7A3A560234A2C4B00238DDA /* Main.storyboard */ = {
			isa = PBXVariantGroup;
			children = (
				B7A3A561234A2C4B00238DDA /* Base */,
			);
			name = Main.storyboard;
			sourceTree = "<group>";
		};
		B7A3A565234A2C5300238DDA /* LaunchScreen.storyboard */ = {
			isa = PBXVariantGroup;
			children = (
				B7A3A566234A2C5300238DDA /* Base */,
			);
			name = LaunchScreen.storyboard;
			sourceTree = "<group>";
		};
/* End PBXVariantGroup section */

/* Begin XCBuildConfiguration section */
		B7A3A57F234A2C5300238DDA /* Debug */ = {
			isa = XCBuildConfiguration;
			buildSettings = {
				ALWAYS_SEARCH_USER_PATHS = NO;
				CLANG_ANALYZER_NONNULL = YES;
				CLANG_ANALYZER_NUMBER_OBJECT_CONVERSION = YES_AGGRESSIVE;
				CLANG_CXX_LANGUAGE_STANDARD = "gnu++14";
				CLANG_CXX_LIBRARY = "libc++";
				CLANG_ENABLE_MODULES = YES;
				CLANG_ENABLE_OBJC_ARC = YES;
				CLANG_ENABLE_OBJC_WEAK = YES;
				CLANG_WARN_BLOCK_CAPTURE_AUTORELEASING = YES;
				CLANG_WARN_BOOL_CONVERSION = YES;
				CLANG_WARN_COMMA = YES;
				CLANG_WARN_CONSTANT_CONVERSION = YES;
				CLANG_WARN_DEPRECATED_OBJC_IMPLEMENTATIONS = YES;
				CLANG_WARN_DIRECT_OBJC_ISA_USAGE = YES_ERROR;
				CLANG_WARN_DOCUMENTATION_COMMENTS = YES;
				CLANG_WARN_EMPTY_BODY = YES;
				CLANG_WARN_ENUM_CONVERSION = YES;
				CLANG_WARN_INFINITE_RECURSION = YES;
				CLANG_WARN_INT_CONVERSION = YES;
				CLANG_WARN_NON_LITERAL_NULL_CONVERSION = YES;
				CLANG_WARN_OBJC_IMPLICIT_RETAIN_SELF = YES;
				CLANG_WARN_OBJC_LITERAL_CONVERSION = YES;
				CLANG_WARN_OBJC_ROOT_CLASS = YES_ERROR;
				CLANG_WARN_RANGE_LOOP_ANALYSIS = YES;
				CLANG_WARN_STRICT_PROTOTYPES = YES;
				CLANG_WARN_SUSPICIOUS_MOVE = YES;
				CLANG_WARN_UNGUARDED_AVAILABILITY = YES_AGGRESSIVE;
				CLANG_WARN_UNREACHABLE_CODE = YES;
				CLANG_WARN__DUPLICATE_METHOD_MATCH = YES;
				CODE_SIGN_IDENTITY = "iPhone Developer";
				COPY_PHASE_STRIP = NO;
				DEBUG_INFORMATION_FORMAT = dwarf;
				ENABLE_STRICT_OBJC_MSGSEND = YES;
				ENABLE_TESTABILITY = YES;
				GCC_C_LANGUAGE_STANDARD = gnu11;
				GCC_DYNAMIC_NO_PIC = NO;
				GCC_NO_COMMON_BLOCKS = YES;
				GCC_OPTIMIZATION_LEVEL = 0;
				GCC_PREPROCESSOR_DEFINITIONS = (
					"DEBUG=1",
					"$(inherited)",
				);
				GCC_WARN_64_TO_32_BIT_CONVERSION = YES;
				GCC_WARN_ABOUT_RETURN_TYPE = YES_ERROR;
				GCC_WARN_UNDECLARED_SELECTOR = YES;
				GCC_WARN_UNINITIALIZED_AUTOS = YES_AGGRESSIVE;
				GCC_WARN_UNUSED_FUNCTION = YES;
				GCC_WARN_UNUSED_VARIABLE = YES;
				IPHONEOS_DEPLOYMENT_TARGET = 12.4;
				MTL_ENABLE_DEBUG_INFO = INCLUDE_SOURCE;
				MTL_FAST_MATH = YES;
				ONLY_ACTIVE_ARCH = YES;
				SDKROOT = iphoneos;
				SWIFT_ACTIVE_COMPILATION_CONDITIONS = DEBUG;
				SWIFT_OPTIMIZATION_LEVEL = "-Onone";
			};
			name = Debug;
		};
		B7A3A580234A2C5300238DDA /* Release */ = {
			isa = XCBuildConfiguration;
			buildSettings = {
				ALWAYS_SEARCH_USER_PATHS = NO;
				CLANG_ANALYZER_NONNULL = YES;
				CLANG_ANALYZER_NUMBER_OBJECT_CONVERSION = YES_AGGRESSIVE;
				CLANG_CXX_LANGUAGE_STANDARD = "gnu++14";
				CLANG_CXX_LIBRARY = "libc++";
				CLANG_ENABLE_MODULES = YES;
				CLANG_ENABLE_OBJC_ARC = YES;
				CLANG_ENABLE_OBJC_WEAK = YES;
				CLANG_WARN_BLOCK_CAPTURE_AUTORELEASING = YES;
				CLANG_WARN_BOOL_CONVERSION = YES;
				CLANG_WARN_COMMA = YES;
				CLANG_WARN_CONSTANT_CONVERSION = YES;
				CLANG_WARN_DEPRECATED_OBJC_IMPLEMENTATIONS = YES;
				CLANG_WARN_DIRECT_OBJC_ISA_USAGE = YES_ERROR;
				CLANG_WARN_DOCUMENTATION_COMMENTS = YES;
				CLANG_WARN_EMPTY_BODY = YES;
				CLANG_WARN_ENUM_CONVERSION = YES;
				CLANG_WARN_INFINITE_RECURSION = YES;
				CLANG_WARN_INT_CONVERSION = YES;
				CLANG_WARN_NON_LITERAL_NULL_CONVERSION = YES;
				CLANG_WARN_OBJC_IMPLICIT_RETAIN_SELF = YES;
				CLANG_WARN_OBJC_LITERAL_CONVERSION = YES;
				CLANG_WARN_OBJC_ROOT_CLASS = YES_ERROR;
				CLANG_WARN_RANGE_LOOP_ANALYSIS = YES;
				CLANG_WARN_STRICT_PROTOTYPES = YES;
				CLANG_WARN_SUSPICIOUS_MOVE = YES;
				CLANG_WARN_UNGUARDED_AVAILABILITY = YES_AGGRESSIVE;
				CLANG_WARN_UNREACHABLE_CODE = YES;
				CLANG_WARN__DUPLICATE_METHOD_MATCH = YES;
				CODE_SIGN_IDENTITY = "iPhone Developer";
				COPY_PHASE_STRIP = NO;
				DEBUG_INFORMATION_FORMAT = "dwarf-with-dsym";
				ENABLE_NS_ASSERTIONS = NO;
				ENABLE_STRICT_OBJC_MSGSEND = YES;
				GCC_C_LANGUAGE_STANDARD = gnu11;
				GCC_NO_COMMON_BLOCKS = YES;
				GCC_WARN_64_TO_32_BIT_CONVERSION = YES;
				GCC_WARN_ABOUT_RETURN_TYPE = YES_ERROR;
				GCC_WARN_UNDECLARED_SELECTOR = YES;
				GCC_WARN_UNINITIALIZED_AUTOS = YES_AGGRESSIVE;
				GCC_WARN_UNUSED_FUNCTION = YES;
				GCC_WARN_UNUSED_VARIABLE = YES;
				IPHONEOS_DEPLOYMENT_TARGET = 12.4;
				MTL_ENABLE_DEBUG_INFO = NO;
				MTL_FAST_MATH = YES;
				SDKROOT = iphoneos;
				SWIFT_COMPILATION_MODE = wholemodule;
				SWIFT_OPTIMIZATION_LEVEL = "-O";
				VALIDATE_PRODUCT = YES;
			};
			name = Release;
		};
		B7A3A582234A2C5300238DDA /* Debug */ = {
			isa = XCBuildConfiguration;
			buildSettings = {
				ASSETCATALOG_COMPILER_APPICON_NAME = AppIcon;
				CODE_SIGN_STYLE = Automatic;
				INFOPLIST_FILE = RegistroUsuarios/Info.plist;
				LD_RUNPATH_SEARCH_PATHS = (
					"$(inherited)",
					"@executable_path/Frameworks",
				);
				PRODUCT_BUNDLE_IDENTIFIER = cibertec.apps.RegistroUsuarios;
				PRODUCT_NAME = "$(TARGET_NAME)";
				SWIFT_VERSION = 5.0;
				TARGETED_DEVICE_FAMILY = "1,2";
			};
			name = Debug;
		};
		B7A3A583234A2C5300238DDA /* Release */ = {
			isa = XCBuildConfiguration;
			buildSettings = {
				ASSETCATALOG_COMPILER_APPICON_NAME = AppIcon;
				CODE_SIGN_STYLE = Automatic;
				INFOPLIST_FILE = RegistroUsuarios/Info.plist;
				LD_RUNPATH_SEARCH_PATHS = (
					"$(inherited)",
					"@executable_path/Frameworks",
				);
				PRODUCT_BUNDLE_IDENTIFIER = cibertec.apps.RegistroUsuarios;
				PRODUCT_NAME = "$(TARGET_NAME)";
				SWIFT_VERSION = 5.0;
				TARGETED_DEVICE_FAMILY = "1,2";
			};
			name = Release;
		};
		B7A3A585234A2C5300238DDA /* Debug */ = {
			isa = XCBuildConfiguration;
			buildSettings = {
				ALWAYS_EMBED_SWIFT_STANDARD_LIBRARIES = YES;
				BUNDLE_LOADER = "$(TEST_HOST)";
				CODE_SIGN_STYLE = Automatic;
				INFOPLIST_FILE = RegistroUsuariosTests/Info.plist;
				LD_RUNPATH_SEARCH_PATHS = (
					"$(inherited)",
					"@executable_path/Frameworks",
					"@loader_path/Frameworks",
				);
				PRODUCT_BUNDLE_IDENTIFIER = cibertec.apps.RegistroUsuariosTests;
				PRODUCT_NAME = "$(TARGET_NAME)";
				SWIFT_VERSION = 5.0;
				TARGETED_DEVICE_FAMILY = "1,2";
				TEST_HOST = "$(BUILT_PRODUCTS_DIR)/RegistroUsuarios.app/RegistroUsuarios";
			};
			name = Debug;
		};
		B7A3A586234A2C5300238DDA /* Release */ = {
			isa = XCBuildConfiguration;
			buildSettings = {
				ALWAYS_EMBED_SWIFT_STANDARD_LIBRARIES = YES;
				BUNDLE_LOADER = "$(TEST_HOST)";
				CODE_SIGN_STYLE = Automatic;
				INFOPLIST_FILE = RegistroUsuariosTests/Info.plist;
				LD_RUNPATH_SEARCH_PATHS = (
					"$(inherited)",
					"@executable_path/Frameworks",
					"@loader_path/Frameworks",
				);
				PRODUCT_BUNDLE_IDENTIFIER = cibertec.apps.RegistroUsuariosTests;
				PRODUCT_NAME = "$(TARGET_NAME)";
				SWIFT_VERSION = 5.0;
				TARGETED_DEVICE_FAMILY = "1,2";
				TEST_HOST = "$(BUILT_PRODUCTS_DIR)/RegistroUsuarios.app/RegistroUsuarios";
			};
			name = Release;
		};
		B7A3A588234A2C5300238DDA /* Debug */ = {
			isa = XCBuildConfiguration;
			buildSettings = {
				ALWAYS_EMBED_SWIFT_STANDARD_LIBRARIES = YES;
				CODE_SIGN_STYLE = Automatic;
				INFOPLIST_FILE = RegistroUsuariosUITests/Info.plist;
				LD_RUNPATH_SEARCH_PATHS = (
					"$(inherited)",
					"@executable_path/Frameworks",
					"@loader_path/Frameworks",
				);
				PRODUCT_BUNDLE_IDENTIFIER = cibertec.apps.RegistroUsuariosUITests;
				PRODUCT_NAME = "$(TARGET_NAME)";
				SWIFT_VERSION = 5.0;
				TARGETED_DEVICE_FAMILY = "1,2";
				TEST_TARGET_NAME = RegistroUsuarios;
			};
			name = Debug;
		};
		B7A3A589234A2C5300238DDA /* Release */ = {
			isa = XCBuildConfiguration;
			buildSettings = {
				ALWAYS_EMBED_SWIFT_STANDARD_LIBRARIES = YES;
				CODE_SIGN_STYLE = Automatic;
				INFOPLIST_FILE = RegistroUsuariosUITests/Info.plist;
				LD_RUNPATH_SEARCH_PATHS = (
					"$(inherited)",
					"@executable_path/Frameworks",
					"@loader_path/Frameworks",
				);
				PRODUCT_BUNDLE_IDENTIFIER = cibertec.apps.RegistroUsuariosUITests;
				PRODUCT_NAME = "$(TARGET_NAME)";
				SWIFT_VERSION = 5.0;
				TARGETED_DEVICE_FAMILY = "1,2";
				TEST_TARGET_NAME = RegistroUsuarios;
			};
			name = Release;
		};
/* End XCBuildConfiguration section */

/* Begin XCConfigurationList section */
		B7A3A554234A2C4B00238DDA /* Build configuration list for PBXProject "RegistroUsuarios" */ = {
			isa = XCConfigurationList;
			buildConfigurations = (
				B7A3A57F234A2C5300238DDA /* Debug */,
				B7A3A580234A2C5300238DDA /* Release */,
			);
			defaultConfigurationIsVisible = 0;
			defaultConfigurationName = Release;
		};
		B7A3A581234A2C5300238DDA /* Build configuration list for PBXNativeTarget "RegistroUsuarios" */ = {
			isa = XCConfigurationList;
			buildConfigurations = (
				B7A3A582234A2C5300238DDA /* Debug */,
				B7A3A583234A2C5300238DDA /* Release */,
			);
			defaultConfigurationIsVisible = 0;
			defaultConfigurationName = Release;
		};
		B7A3A584234A2C5300238DDA /* Build configuration list for PBXNativeTarget "RegistroUsuariosTests" */ = {
			isa = XCConfigurationList;
			buildConfigurations = (
				B7A3A585234A2C5300238DDA /* Debug */,
				B7A3A586234A2C5300238DDA /* Release */,
			);
			defaultConfigurationIsVisible = 0;
			defaultConfigurationName = Release;
		};
		B7A3A587234A2C5300238DDA /* Build configuration list for PBXNativeTarget "RegistroUsuariosUITests" */ = {
			isa = XCConfigurationList;
			buildConfigurations = (
				B7A3A588234A2C5300238DDA /* Debug */,
				B7A3A589234A2C5300238DDA /* Release */,
			);
			defaultConfigurationIsVisible = 0;
			defaultConfigurationName = Release;
		};
/* End XCConfigurationList section */
	};
	rootObject = B7A3A551234A2C4B00238DDA /* Project object */;
}
